
Microsoft Visual Studio Solution File, Format Version 12.00
# Visual Studio Version 16
VisualStudioVersion = 16.0.31727.386
MinimumVisualStudioVersion = 10.0.40219.1
Project("{FAE04EC0-301F-11D3-BF4B-00C04F79EFBC}") = "AsyncAwaitCSharpSynchronizationContext", "AsyncAwaitCSharpSynchronizationContext.csproj", "{F7811C1D-6136-4FA6-8A81-6ACDD3D6C915}"
EndProject
Global
	GlobalSection(SolutionConfigurationPlatforms) = preSolution
		Debug|Any CPU = Debug|Any CPU
		Release|Any CPU = Release|Any CPU
	EndGlobalSection
	GlobalSection(ProjectConfigurationPlatforms) = postSolution
		{F7811C1D-6136-4FA6-8A81-6ACDD3D6C915}.Debug|Any CPU.ActiveCfg = Debug|Any CPU
		{F7811C1D-6136-4FA6-8A81-6ACDD3D6C915}.Debug|Any CPU.Build.0 = Debug|Any CPU
		{F7811C1D-6136-4FA6-8A81-6ACDD3D6C915}.Release|Any CPU.ActiveCfg = Release|Any CPU
		{F7811C1D-6136-4FA6-8A81-6ACDD3D6C915}.Release|Any CPU.Build.0 = Release|Any CPU
	EndGlobalSection
	GlobalSection(SolutionProperties) = preSolution
		HideSolutionNode = FALSE
	EndGlobalSection
	GlobalSection(ExtensibilityGlobals) = postSolution
		SolutionGuid = {8BCDAEAD-4381-4FD8-BFA6-A1DAAC1157F0}
	EndGlobalSection
EndGlobal
